// !$*UTF8*$!
{
	archiveVersion = 1;
	classes = {
	};
	objectVersion = 56;
	objects = {

/* Begin PBXBuildFile section */
		3A0F47D42BF46FCC0015C521 /* damegelog.swift in Sources */ = {isa = PBXBuildFile; fileRef = 3A0F47D32BF46FCC0015C521 /* damegelog.swift */; };
		3A76F4252BDFAB32007B9F22 /* Boxies.swift in Sources */ = {isa = PBXBuildFile; fileRef = 3A76F4242BDFAB32007B9F22 /* Boxies.swift */; };
		3A8FAF1C2BCF5E99003E4923 /* yuugiohApp.swift in Sources */ = {isa = PBXBuildFile; fileRef = 3A8FAF1B2BCF5E99003E4923 /* yuugiohApp.swift */; };
		3A8FAF1E2BCF5E99003E4923 /* ContentView.swift in Sources */ = {isa = PBXBuildFile; fileRef = 3A8FAF1D2BCF5E99003E4923 /* ContentView.swift */; };
		3A8FAF202BCF5E99003E4923 /* Assets.xcassets in Resources */ = {isa = PBXBuildFile; fileRef = 3A8FAF1F2BCF5E99003E4923 /* Assets.xcassets */; };
		3A8FAF232BCF5E99003E4923 /* Preview Assets.xcassets in Resources */ = {isa = PBXBuildFile; fileRef = 3A8FAF222BCF5E99003E4923 /* Preview Assets.xcassets */; };
		3A8FAF2D2BCF5E9A003E4923 /* yuugiohTests.swift in Sources */ = {isa = PBXBuildFile; fileRef = 3A8FAF2C2BCF5E9A003E4923 /* yuugiohTests.swift */; };
		3A8FAF372BCF5E9A003E4923 /* yuugiohUITests.swift in Sources */ = {isa = PBXBuildFile; fileRef = 3A8FAF362BCF5E9A003E4923 /* yuugiohUITests.swift */; };
		3A8FAF392BCF5E9A003E4923 /* yuugiohUITestsLaunchTests.swift in Sources */ = {isa = PBXBuildFile; fileRef = 3A8FAF382BCF5E9A003E4923 /* yuugiohUITestsLaunchTests.swift */; };
/* End PBXBuildFile section */

/* Begin PBXContainerItemProxy section */
		3A8FAF292BCF5E9A003E4923 /* PBXContainerItemProxy */ = {
			isa = PBXContainerItemProxy;
			containerPortal = 3A8FAF102BCF5E99003E4923 /* Project object */;
			proxyType = 1;
			remoteGlobalIDString = 3A8FAF172BCF5E99003E4923;
			remoteInfo = yuugioh;
		};
		3A8FAF332BCF5E9A003E4923 /* PBXContainerItemProxy */ = {
			isa = PBXContainerItemProxy;
			containerPortal = 3A8FAF102BCF5E99003E4923 /* Project object */;
			proxyType = 1;
			remoteGlobalIDString = 3A8FAF172BCF5E99003E4923;
			remoteInfo = yuugioh;
		};
/* End PBXContainerItemProxy section */

/* Begin PBXFileReference section */
		3A0F47D32BF46FCC0015C521 /* damegelog.swift */ = {isa = PBXFileReference; lastKnownFileType = sourcecode.swift; path = damegelog.swift; sourceTree = "<group>"; };
		3A76F4242BDFAB32007B9F22 /* Boxies.swift */ = {isa = PBXFileReference; lastKnownFileType = sourcecode.swift; path = Boxies.swift; sourceTree = "<group>"; };
		3A8FAF182BCF5E99003E4923 /* yuugioh.app */ = {isa = PBXFileReference; explicitFileType = wrapper.application; includeInIndex = 0; path = yuugioh.app; sourceTree = BUILT_PRODUCTS_DIR; };
		3A8FAF1B2BCF5E99003E4923 /* yuugiohApp.swift */ = {isa = PBXFileReference; lastKnownFileType = sourcecode.swift; path = yuugiohApp.swift; sourceTree = "<group>"; };
		3A8FAF1D2BCF5E99003E4923 /* ContentView.swift */ = {isa = PBXFileReference; lastKnownFileType = sourcecode.swift; path = ContentView.swift; sourceTree = "<group>"; };
		3A8FAF1F2BCF5E99003E4923 /* Assets.xcassets */ = {isa = PBXFileReference; lastKnownFileType = folder.assetcatalog; path = Assets.xcassets; sourceTree = "<group>"; };
		3A8FAF222BCF5E99003E4923 /* Preview Assets.xcassets */ = {isa = PBXFileReference; lastKnownFileType = folder.assetcatalog; path = "Preview Assets.xcassets"; sourceTree = "<group>"; };
		3A8FAF282BCF5E9A003E4923 /* yuugiohTests.xctest */ = {isa = PBXFileReference; explicitFileType = wrapper.cfbundle; includeInIndex = 0; path = yuugiohTests.xctest; sourceTree = BUILT_PRODUCTS_DIR; };
		3A8FAF2C2BCF5E9A003E4923 /* yuugiohTests.swift */ = {isa = PBXFileReference; lastKnownFileType = sourcecode.swift; path = yuugiohTests.swift; sourceTree = "<group>"; };
		3A8FAF322BCF5E9A003E4923 /* yuugiohUITests.xctest */ = {isa = PBXFileReference; explicitFileType = wrapper.cfbundle; includeInIndex = 0; path = yuugiohUITests.xctest; sourceTree = BUILT_PRODUCTS_DIR; };
		3A8FAF362BCF5E9A003E4923 /* yuugiohUITests.swift */ = {isa = PBXFileReference; lastKnownFileType = sourcecode.swift; path = yuugiohUITests.swift; sourceTree = "<group>"; };
		3A8FAF382BCF5E9A003E4923 /* yuugiohUITestsLaunchTests.swift */ = {isa = PBXFileReference; lastKnownFileType = sourcecode.swift; path = yuugiohUITestsLaunchTests.swift; sourceTree = "<group>"; };
/* End PBXFileReference section */

/* Begin PBXFrameworksBuildPhase section */
		3A8FAF152BCF5E99003E4923 /* Frameworks */ = {
			isa = PBXFrameworksBuildPhase;
			buildActionMask = 2147483647;
			files = (
			);
			runOnlyForDeploymentPostprocessing = 0;
		};
		3A8FAF252BCF5E9A003E4923 /* Frameworks */ = {
			isa = PBXFrameworksBuildPhase;
			buildActionMask = 2147483647;
			files = (
			);
			runOnlyForDeploymentPostprocessing = 0;
		};
		3A8FAF2F2BCF5E9A003E4923 /* Frameworks */ = {
			isa = PBXFrameworksBuildPhase;
			buildActionMask = 2147483647;
			files = (
			);
			runOnlyForDeploymentPostprocessing = 0;
		};
/* End PBXFrameworksBuildPhase section */

/* Begin PBXGroup section */
		3A8FAF0F2BCF5E99003E4923 = {
			isa = PBXGroup;
			children = (
				3A8FAF1A2BCF5E99003E4923 /* yuugioh */,
				3A8FAF2B2BCF5E9A003E4923 /* yuugiohTests */,
				3A8FAF352BCF5E9A003E4923 /* yuugiohUITests */,
				3A8FAF192BCF5E99003E4923 /* Products */,
			);
			sourceTree = "<group>";
		};
		3A8FAF192BCF5E99003E4923 /* Products */ = {
			isa = PBXGroup;
			children = (
				3A8FAF182BCF5E99003E4923 /* yuugioh.app */,
				3A8FAF282BCF5E9A003E4923 /* yuugiohTests.xctest */,
				3A8FAF322BCF5E9A003E4923 /* yuugiohUITests.xctest */,
			);
			name = Products;
			sourceTree = "<group>";
		};
		3A8FAF1A2BCF5E99003E4923 /* yuugioh */ = {
			isa = PBXGroup;
			children = (
				3A8FAF1B2BCF5E99003E4923 /* yuugiohApp.swift */,
				3A0F47D32BF46FCC0015C521 /* damegelog.swift */,
				3A8FAF1D2BCF5E99003E4923 /* ContentView.swift */,
				3A76F4242BDFAB32007B9F22 /* Boxies.swift */,
				3A8FAF1F2BCF5E99003E4923 /* Assets.xcassets */,
				3A8FAF212BCF5E99003E4923 /* Preview Content */,
			);
			path = yuugioh;
			sourceTree = "<group>";
		};
		3A8FAF212BCF5E99003E4923 /* Preview Content */ = {
			isa = PBXGroup;
			children = (
				3A8FAF222BCF5E99003E4923 /* Preview Assets.xcassets */,
			);
			path = "Preview Content";
			sourceTree = "<group>";
		};
		3A8FAF2B2BCF5E9A003E4923 /* yuugiohTests */ = {
			isa = PBXGroup;
			children = (
				3A8FAF2C2BCF5E9A003E4923 /* yuugiohTests.swift */,
			);
			path = yuugiohTests;
			sourceTree = "<group>";
		};
		3A8FAF352BCF5E9A003E4923 /* yuugiohUITests */ = {
			isa = PBXGroup;
			children = (
				3A8FAF362BCF5E9A003E4923 /* yuugiohUITests.swift */,
				3A8FAF382BCF5E9A003E4923 /* yuugiohUITestsLaunchTests.swift */,
			);
			path = yuugiohUITests;
			sourceTree = "<group>";
		};
/* End PBXGroup section */

/* Begin PBXNativeTarget section */
		3A8FAF172BCF5E99003E4923 /* yuugioh */ = {
			isa = PBXNativeTarget;
			buildConfigurationList = 3A8FAF3C2BCF5E9A003E4923 /* Build configuration list for PBXNativeTarget "yuugioh" */;
			buildPhases = (
				3A8FAF142BCF5E99003E4923 /* Sources */,
				3A8FAF152BCF5E99003E4923 /* Frameworks */,
				3A8FAF162BCF5E99003E4923 /* Resources */,
			);
			buildRules = (
			);
			dependencies = (
			);
			name = yuugioh;
			productName = yuugioh;
			productReference = 3A8FAF182BCF5E99003E4923 /* yuugioh.app */;
			productType = "com.apple.product-type.application";
		};
		3A8FAF272BCF5E9A003E4923 /* yuugiohTests */ = {
			isa = PBXNativeTarget;
			buildConfigurationList = 3A8FAF3F2BCF5E9A003E4923 /* Build configuration list for PBXNativeTarget "yuugiohTests" */;
			buildPhases = (
				3A8FAF242BCF5E9A003E4923 /* Sources */,
				3A8FAF252BCF5E9A003E4923 /* Frameworks */,
				3A8FAF262BCF5E9A003E4923 /* Resources */,
			);
			buildRules = (
			);
			dependencies = (
				3A8FAF2A2BCF5E9A003E4923 /* PBXTargetDependency */,
			);
			name = yuugiohTests;
			productName = yuugiohTests;
			productReference = 3A8FAF282BCF5E9A003E4923 /* yuugiohTests.xctest */;
			productType = "com.apple.product-type.bundle.unit-test";
		};
		3A8FAF312BCF5E9A003E4923 /* yuugiohUITests */ = {
			isa = PBXNativeTarget;
			buildConfigurationList = 3A8FAF422BCF5E9A003E4923 /* Build configuration list for PBXNativeTarget "yuugiohUITests" */;
			buildPhases = (
				3A8FAF2E2BCF5E9A003E4923 /* Sources */,
				3A8FAF2F2BCF5E9A003E4923 /* Frameworks */,
				3A8FAF302BCF5E9A003E4923 /* Resources */,
			);
			buildRules = (
			);
			dependencies = (
				3A8FAF342BCF5E9A003E4923 /* PBXTargetDependency */,
			);
			name = yuugiohUITests;
			productName = yuugiohUITests;
			productReference = 3A8FAF322BCF5E9A003E4923 /* yuugiohUITests.xctest */;
			productType = "com.apple.product-type.bundle.ui-testing";
		};
/* End PBXNativeTarget section */

/* Begin PBXProject section */
		3A8FAF102BCF5E99003E4923 /* Project object */ = {
			isa = PBXProject;
			attributes = {
				BuildIndependentTargetsInParallel = 1;
				LastSwiftUpdateCheck = 1530;
				LastUpgradeCheck = 1530;
				TargetAttributes = {
					3A8FAF172BCF5E99003E4923 = {
						CreatedOnToolsVersion = 15.3;
					};
					3A8FAF272BCF5E9A003E4923 = {
						CreatedOnToolsVersion = 15.3;
						TestTargetID = 3A8FAF172BCF5E99003E4923;
					};
					3A8FAF312BCF5E9A003E4923 = {
						CreatedOnToolsVersion = 15.3;
						TestTargetID = 3A8FAF172BCF5E99003E4923;
					};
				};
			};
			buildConfigurationList = 3A8FAF132BCF5E99003E4923 /* Build configuration list for PBXProject "yuugioh" */;
			compatibilityVersion = "Xcode 14.0";
			developmentRegion = en;
			hasScannedForEncodings = 0;
			knownRegions = (
				en,
				Base,
			);
			mainGroup = 3A8FAF0F2BCF5E99003E4923;
			productRefGroup = 3A8FAF192BCF5E99003E4923 /* Products */;
			projectDirPath = "";
			projectRoot = "";
			targets = (
				3A8FAF172BCF5E99003E4923 /* yuugioh */,
				3A8FAF272BCF5E9A003E4923 /* yuugiohTests */,
				3A8FAF312BCF5E9A003E4923 /* yuugiohUITests */,
			);
		};
/* End PBXProject section */

/* Begin PBXResourcesBuildPhase section */
		3A8FAF162BCF5E99003E4923 /* Resources */ = {
			isa = PBXResourcesBuildPhase;
			buildActionMask = 2147483647;
			files = (
				3A8FAF232BCF5E99003E4923 /* Preview Assets.xcassets in Resources */,
				3A8FAF202BCF5E99003E4923 /* Assets.xcassets in Resources */,
			);
			runOnlyForDeploymentPostprocessing = 0;
		};
		3A8FAF262BCF5E9A003E4923 /* Resources */ = {
			isa = PBXResourcesBuildPhase;
			buildActionMask = 2147483647;
			files = (
			);
			runOnlyForDeploymentPostprocessing = 0;
		};
		3A8FAF302BCF5E9A003E4923 /* Resources */ = {
			isa = PBXResourcesBuildPhase;
			buildActionMask = 2147483647;
			files = (
			);
			runOnlyForDeploymentPostprocessing = 0;
		};
/* End PBXResourcesBuildPhase section */

/* Begin PBXSourcesBuildPhase section */
		3A8FAF142BCF5E99003E4923 /* Sources */ = {
			isa = PBXSourcesBuildPhase;
			buildActionMask = 2147483647;
			files = (
				3A8FAF1E2BCF5E99003E4923 /* ContentView.swift in Sources */,
				3A76F4252BDFAB32007B9F22 /* Boxies.swift in Sources */,
				3A8FAF1C2BCF5E99003E4923 /* yuugiohApp.swift in Sources */,
				3A0F47D42BF46FCC0015C521 /* damegelog.swift in Sources */,
			);
			runOnlyForDeploymentPostprocessing = 0;
		};
		3A8FAF242BCF5E9A003E4923 /* Sources */ = {
			isa = PBXSourcesBuildPhase;
			buildActionMask = 2147483647;
			files = (
				3A8FAF2D2BCF5E9A003E4923 /* yuugiohTests.swift in Sources */,
			);
			runOnlyForDeploymentPostprocessing = 0;
		};
		3A8FAF2E2BCF5E9A003E4923 /* Sources */ = {
			isa = PBXSourcesBuildPhase;
			buildActionMask = 2147483647;
			files = (
				3A8FAF372BCF5E9A003E4923 /* yuugiohUITests.swift in Sources */,
				3A8FAF392BCF5E9A003E4923 /* yuugiohUITestsLaunchTests.swift in Sources */,
			);
			runOnlyForDeploymentPostprocessing = 0;
		};
/* End PBXSourcesBuildPhase section */

/* Begin PBXTargetDependency section */
		3A8FAF2A2BCF5E9A003E4923 /* PBXTargetDependency */ = {
			isa = PBXTargetDependency;
			target = 3A8FAF172BCF5E99003E4923 /* yuugioh */;
			targetProxy = 3A8FAF292BCF5E9A003E4923 /* PBXContainerItemProxy */;
		};
		3A8FAF342BCF5E9A003E4923 /* PBXTargetDependency */ = {
			isa = PBXTargetDependency;
			target = 3A8FAF172BCF5E99003E4923 /* yuugioh */;
			targetProxy = 3A8FAF332BCF5E9A003E4923 /* PBXContainerItemProxy */;
		};
/* End PBXTargetDependency section */

/* Begin XCBuildConfiguration section */
		3A8FAF3A2BCF5E9A003E4923 /* Debug */ = {
			isa = XCBuildConfiguration;
			buildSettings = {
				ALWAYS_SEARCH_USER_PATHS = NO;
				ASSETCATALOG_COMPILER_GENERATE_SWIFT_ASSET_SYMBOL_EXTENSIONS = YES;
				CLANG_ANALYZER_NONNULL = YES;
				CLANG_ANALYZER_NUMBER_OBJECT_CONVERSION = YES_AGGRESSIVE;
				CLANG_CXX_LANGUAGE_STANDARD = "gnu++20";
				CLANG_ENABLE_MODULES = YES;
				CLANG_ENABLE_OBJC_ARC = YES;
				CLANG_ENABLE_OBJC_WEAK = YES;
				CLANG_WARN_BLOCK_CAPTURE_AUTORELEASING = YES;
				CLANG_WARN_BOOL_CONVERSION = YES;
				CLANG_WARN_COMMA = YES;
				CLANG_WARN_CONSTANT_CONVERSION = YES;
				CLANG_WARN_DEPRECATED_OBJC_IMPLEMENTATIONS = YES;
				CLANG_WARN_DIRECT_OBJC_ISA_USAGE = YES_ERROR;
				CLANG_WARN_DOCUMENTATION_COMMENTS = YES;
				CLANG_WARN_EMPTY_BODY = YES;
				CLANG_WARN_ENUM_CONVERSION = YES;
				CLANG_WARN_INFINITE_RECURSION = YES;
				CLANG_WARN_INT_CONVERSION = YES;
				CLANG_WARN_NON_LITERAL_NULL_CONVERSION = YES;
				CLANG_WARN_OBJC_IMPLICIT_RETAIN_SELF = YES;
				CLANG_WARN_OBJC_LITERAL_CONVERSION = YES;
				CLANG_WARN_OBJC_ROOT_CLASS = YES_ERROR;
				CLANG_WARN_QUOTED_INCLUDE_IN_FRAMEWORK_HEADER = YES;
				CLANG_WARN_RANGE_LOOP_ANALYSIS = YES;
				CLANG_WARN_STRICT_PROTOTYPES = YES;
				CLANG_WARN_SUSPICIOUS_MOVE = YES;
				CLANG_WARN_UNGUARDED_AVAILABILITY = YES_AGGRESSIVE;
				CLANG_WARN_UNREACHABLE_CODE = YES;
				CLANG_WARN__DUPLICATE_METHOD_MATCH = YES;
				COPY_PHASE_STRIP = NO;
				DEBUG_INFORMATION_FORMAT = dwarf;
				ENABLE_STRICT_OBJC_MSGSEND = YES;
				ENABLE_TESTABILITY = YES;
				ENABLE_USER_SCRIPT_SANDBOXING = YES;
				GCC_C_LANGUAGE_STANDARD = gnu17;
				GCC_DYNAMIC_NO_PIC = NO;
				GCC_NO_COMMON_BLOCKS = YES;
				GCC_OPTIMIZATION_LEVEL = 0;
				GCC_PREPROCESSOR_DEFINITIONS = (
					"DEBUG=1",
					"$(inherited)",
				);
				GCC_WARN_64_TO_32_BIT_CONVERSION = YES;
				GCC_WARN_ABOUT_RETURN_TYPE = YES_ERROR;
				GCC_WARN_UNDECLARED_SELECTOR = YES;
				GCC_WARN_UNINITIALIZED_AUTOS = YES_AGGRESSIVE;
				GCC_WARN_UNUSED_FUNCTION = YES;
				GCC_WARN_UNUSED_VARIABLE = YES;
				IPHONEOS_DEPLOYMENT_TARGET = 17.4;
				LOCALIZATION_PREFERS_STRING_CATALOGS = YES;
				MTL_ENABLE_DEBUG_INFO = INCLUDE_SOURCE;
				MTL_FAST_MATH = YES;
				ONLY_ACTIVE_ARCH = YES;
				SDKROOT = iphoneos;
				SWIFT_ACTIVE_COMPILATION_CONDITIONS = "DEBUG $(inherited)";
				SWIFT_OPTIMIZATION_LEVEL = "-Onone";
			};
			name = Debug;
		};
		3A8FAF3B2BCF5E9A003E4923 /* Release */ = {
			isa = XCBuildConfiguration;
			buildSettings = {
				ALWAYS_SEARCH_USER_PATHS = NO;
				ASSETCATALOG_COMPILER_GENERATE_SWIFT_ASSET_SYMBOL_EXTENSIONS = YES;
				CLANG_ANALYZER_NONNULL = YES;
				CLANG_ANALYZER_NUMBER_OBJECT_CONVERSION = YES_AGGRESSIVE;
				CLANG_CXX_LANGUAGE_STANDARD = "gnu++20";
				CLANG_ENABLE_MODULES = YES;
				CLANG_ENABLE_OBJC_ARC = YES;
				CLANG_ENABLE_OBJC_WEAK = YES;
				CLANG_WARN_BLOCK_CAPTURE_AUTORELEASING = YES;
				CLANG_WARN_BOOL_CONVERSION = YES;
				CLANG_WARN_COMMA = YES;
				CLANG_WARN_CONSTANT_CONVERSION = YES;
				CLANG_WARN_DEPRECATED_OBJC_IMPLEMENTATIONS = YES;
				CLANG_WARN_DIRECT_OBJC_ISA_USAGE = YES_ERROR;
				CLANG_WARN_DOCUMENTATION_COMMENTS = YES;
				CLANG_WARN_EMPTY_BODY = YES;
				CLANG_WARN_ENUM_CONVERSION = YES;
				CLANG_WARN_INFINITE_RECURSION = YES;
				CLANG_WARN_INT_CONVERSION = YES;
				CLANG_WARN_NON_LITERAL_NULL_CONVERSION = YES;
				CLANG_WARN_OBJC_IMPLICIT_RETAIN_SELF = YES;
				CLANG_WARN_OBJC_LITERAL_CONVERSION = YES;
				CLANG_WARN_OBJC_ROOT_CLASS = YES_ERROR;
				CLANG_WARN_QUOTED_INCLUDE_IN_FRAMEWORK_HEADER = YES;
				CLANG_WARN_RANGE_LOOP_ANALYSIS = YES;
				CLANG_WARN_STRICT_PROTOTYPES = YES;
				CLANG_WARN_SUSPICIOUS_MOVE = YES;
				CLANG_WARN_UNGUARDED_AVAILABILITY = YES_AGGRESSIVE;
				CLANG_WARN_UNREACHABLE_CODE = YES;
				CLANG_WARN__DUPLICATE_METHOD_MATCH = YES;
				COPY_PHASE_STRIP = NO;
				DEBUG_INFORMATION_FORMAT = "dwarf-with-dsym";
				ENABLE_NS_ASSERTIONS = NO;
				ENABLE_STRICT_OBJC_MSGSEND = YES;
				ENABLE_USER_SCRIPT_SANDBOXING = YES;
				GCC_C_LANGUAGE_STANDARD = gnu17;
				GCC_NO_COMMON_BLOCKS = YES;
				GCC_WARN_64_TO_32_BIT_CONVERSION = YES;
				GCC_WARN_ABOUT_RETURN_TYPE = YES_ERROR;
				GCC_WARN_UNDECLARED_SELECTOR = YES;
				GCC_WARN_UNINITIALIZED_AUTOS = YES_AGGRESSIVE;
				GCC_WARN_UNUSED_FUNCTION = YES;
				GCC_WARN_UNUSED_VARIABLE = YES;
				IPHONEOS_DEPLOYMENT_TARGET = 17.4;
				LOCALIZATION_PREFERS_STRING_CATALOGS = YES;
				MTL_ENABLE_DEBUG_INFO = NO;
				MTL_FAST_MATH = YES;
				SDKROOT = iphoneos;
				SWIFT_COMPILATION_MODE = wholemodule;
				VALIDATE_PRODUCT = YES;
			};
			name = Release;
		};
		3A8FAF3D2BCF5E9A003E4923 /* Debug */ = {
			isa = XCBuildConfiguration;
			buildSettings = {
				ASSETCATALOG_COMPILER_APPICON_NAME = AppIcon;
				ASSETCATALOG_COMPILER_GLOBAL_ACCENT_COLOR_NAME = AccentColor;
				CODE_SIGN_STYLE = Automatic;
				CURRENT_PROJECT_VERSION = 1;
				DEVELOPMENT_ASSET_PATHS = "\"yuugioh/Preview Content\"";
				ENABLE_PREVIEWS = YES;
				GENERATE_INFOPLIST_FILE = YES;
				INFOPLIST_KEY_UIApplicationSceneManifest_Generation = YES;
				INFOPLIST_KEY_UIApplicationSupportsIndirectInputEvents = YES;
				INFOPLIST_KEY_UILaunchScreen_Generation = YES;
				INFOPLIST_KEY_UISupportedInterfaceOrientations_iPhone = "UIInterfaceOrientationLandscapeLeft UIInterfaceOrientationLandscapeRight UIInterfaceOrientationPortrait UIInterfaceOrientationPortraitUpsideDown";
				LD_RUNPATH_SEARCH_PATHS = (
					"$(inherited)",
					"@executable_path/Frameworks",
				);
				MARKETING_VERSION = 1.0;
				PRODUCT_BUNDLE_IDENTIFIER = Sakuya.com.yuugioh;
				PRODUCT_NAME = "$(TARGET_NAME)";
				SWIFT_EMIT_LOC_STRINGS = YES;
				SWIFT_VERSION = 5.0;
				TARGETED_DEVICE_FAMILY = "1,2";
			};
			name = Debug;
		};
		3A8FAF3E2BCF5E9A003E4923 /* Release */ = {
			isa = XCBuildConfiguration;
			buildSettings = {
				ASSETCATALOG_COMPILER_APPICON_NAME = AppIcon;
				ASSETCATALOG_COMPILER_GLOBAL_ACCENT_COLOR_NAME = AccentColor;
				CODE_SIGN_STYLE = Automatic;
				CURRENT_PROJECT_VERSION = 1;
				DEVELOPMENT_ASSET_PATHS = "\"yuugioh/Preview Content\"";
				ENABLE_PREVIEWS = YES;
				GENERATE_INFOPLIST_FILE = YES;
				INFOPLIST_KEY_UIApplicationSceneManifest_Generation = YES;
				INFOPLIST_KEY_UIApplicationSupportsIndirectInputEvents = YES;
				INFOPLIST_KEY_UILaunchScreen_Generation = YES;
				INFOPLIST_KEY_UISupportedInterfaceOrientations_iPhone = "UIInterfaceOrientationLandscapeLeft UIInterfaceOrientationLandscapeRight UIInterfaceOrientationPortrait UIInterfaceOrientationPortraitUpsideDown";
				LD_RUNPATH_SEARCH_PATHS = (
					"$(inherited)",
					"@executable_path/Frameworks",
				);
				MARKETING_VERSION = 1.0;
				PRODUCT_BUNDLE_IDENTIFIER = Sakuya.com.yuugioh;
				PRODUCT_NAME = "$(TARGET_NAME)";
				SWIFT_EMIT_LOC_STRINGS = YES;
				SWIFT_VERSION = 5.0;
				TARGETED_DEVICE_FAMILY = "1,2";
			};
			name = Release;
		};
		3A8FAF402BCF5E9A003E4923 /* Debug */ = {
			isa = XCBuildConfiguration;
			buildSettings = {
				ALWAYS_EMBED_SWIFT_STANDARD_LIBRARIES = YES;
				BUNDLE_LOADER = "$(TEST_HOST)";
				CODE_SIGN_STYLE = Automatic;
				CURRENT_PROJECT_VERSION = 1;
				GENERATE_INFOPLIST_FILE = YES;
				IPHONEOS_DEPLOYMENT_TARGET = 17.4;
				MARKETING_VERSION = 1.0;
				PRODUCT_BUNDLE_IDENTIFIER = Sakuya.com.yuugiohTests;
				PRODUCT_NAME = "$(TARGET_NAME)";
				SWIFT_EMIT_LOC_STRINGS = NO;
				SWIFT_VERSION = 5.0;
				TARGETED_DEVICE_FAMILY = "1,2";
				TEST_HOST = "$(BUILT_PRODUCTS_DIR)/yuugioh.app/$(BUNDLE_EXECUTABLE_FOLDER_PATH)/yuugioh";
			};
			name = Debug;
		};
		3A8FAF412BCF5E9A003E4923 /* Release */ = {
			isa = XCBuildConfiguration;
			buildSettings = {
				ALWAYS_EMBED_SWIFT_STANDARD_LIBRARIES = YES;
				BUNDLE_LOADER = "$(TEST_HOST)";
				CODE_SIGN_STYLE = Automatic;
				CURRENT_PROJECT_VERSION = 1;
				GENERATE_INFOPLIST_FILE = YES;
				IPHONEOS_DEPLOYMENT_TARGET = 17.4;
				MARKETING_VERSION = 1.0;
				PRODUCT_BUNDLE_IDENTIFIER = Sakuya.com.yuugiohTests;
				PRODUCT_NAME = "$(TARGET_NAME)";
				SWIFT_EMIT_LOC_STRINGS = NO;
				SWIFT_VERSION = 5.0;
				TARGETED_DEVICE_FAMILY = "1,2";
				TEST_HOST = "$(BUILT_PRODUCTS_DIR)/yuugioh.app/$(BUNDLE_EXECUTABLE_FOLDER_PATH)/yuugioh";
			};
			name = Release;
		};
		3A8FAF432BCF5E9A003E4923 /* Debug */ = {
			isa = XCBuildConfiguration;
			buildSettings = {
				ALWAYS_EMBED_SWIFT_STANDARD_LIBRARIES = YES;
				CODE_SIGN_STYLE = Automatic;
				CURRENT_PROJECT_VERSION = 1;
				GENERATE_INFOPLIST_FILE = YES;
				MARKETING_VERSION = 1.0;
				PRODUCT_BUNDLE_IDENTIFIER = Sakuya.com.yuugiohUITests;
				PRODUCT_NAME = "$(TARGET_NAME)";
				SWIFT_EMIT_LOC_STRINGS = NO;
				SWIFT_VERSION = 5.0;
				TARGETED_DEVICE_FAMILY = "1,2";
				TEST_TARGET_NAME = yuugioh;
			};
			name = Debug;
		};
		3A8FAF442BCF5E9A003E4923 /* Release */ = {
			isa = XCBuildConfiguration;
			buildSettings = {
				ALWAYS_EMBED_SWIFT_STANDARD_LIBRARIES = YES;
				CODE_SIGN_STYLE = Automatic;
				CURRENT_PROJECT_VERSION = 1;
				GENERATE_INFOPLIST_FILE = YES;
				MARKETING_VERSION = 1.0;
				PRODUCT_BUNDLE_IDENTIFIER = Sakuya.com.yuugiohUITests;
				PRODUCT_NAME = "$(TARGET_NAME)";
				SWIFT_EMIT_LOC_STRINGS = NO;
				SWIFT_VERSION = 5.0;
				TARGETED_DEVICE_FAMILY = "1,2";
				TEST_TARGET_NAME = yuugioh;
			};
			name = Release;
		};
/* End XCBuildConfiguration section */

/* Begin XCConfigurationList section */
		3A8FAF132BCF5E99003E4923 /* Build configuration list for PBXProject "yuugioh" */ = {
			isa = XCConfigurationList;
			buildConfigurations = (
				3A8FAF3A2BCF5E9A003E4923 /* Debug */,
				3A8FAF3B2BCF5E9A003E4923 /* Release */,
			);
			defaultConfigurationIsVisible = 0;
			defaultConfigurationName = Release;
		};
		3A8FAF3C2BCF5E9A003E4923 /* Build configuration list for PBXNativeTarget "yuugioh" */ = {
			isa = XCConfigurationList;
			buildConfigurations = (
				3A8FAF3D2BCF5E9A003E4923 /* Debug */,
				3A8FAF3E2BCF5E9A003E4923 /* Release */,
			);
			defaultConfigurationIsVisible = 0;
			defaultConfigurationName = Release;
		};
		3A8FAF3F2BCF5E9A003E4923 /* Build configuration list for PBXNativeTarget "yuugiohTests" */ = {
			isa = XCConfigurationList;
			buildConfigurations = (
				3A8FAF402BCF5E9A003E4923 /* Debug */,
				3A8FAF412BCF5E9A003E4923 /* Release */,
			);
			defaultConfigurationIsVisible = 0;
			defaultConfigurationName = Release;
		};
		3A8FAF422BCF5E9A003E4923 /* Build configuration list for PBXNativeTarget "yuugiohUITests" */ = {
			isa = XCConfigurationList;
			buildConfigurations = (
				3A8FAF432BCF5E9A003E4923 /* Debug */,
				3A8FAF442BCF5E9A003E4923 /* Release */,
			);
			defaultConfigurationIsVisible = 0;
			defaultConfigurationName = Release;
		};
/* End XCConfigurationList section */
	};
	rootObject = 3A8FAF102BCF5E99003E4923 /* Project object */;
}
